// !$*UTF8*$!
{
	archiveVersion = 1;
	classes = {
	};
	objectVersion = 46;
	objects = {

/* Begin PBXBuildFile section */
		F541C0E51D03C8FD005DA64F /* SMAmount.m in Sources */ = {isa = PBXBuildFile; fileRef = F541C0E41D03C8FD005DA64F /* SMAmount.m */; };
		F575F79D1D03BE9200B70BB3 /* main.m in Sources */ = {isa = PBXBuildFile; fileRef = F575F79C1D03BE9200B70BB3 /* main.m */; };
		F575F7A01D03BE9200B70BB3 /* AppDelegate.m in Sources */ = {isa = PBXBuildFile; fileRef = F575F79F1D03BE9200B70BB3 /* AppDelegate.m */; };
		F575F7A91D03BE9200B70BB3 /* Main.storyboard in Resources */ = {isa = PBXBuildFile; fileRef = F575F7A71D03BE9200B70BB3 /* Main.storyboard */; };
		F575F7AB1D03BE9200B70BB3 /* Assets.xcassets in Resources */ = {isa = PBXBuildFile; fileRef = F575F7AA1D03BE9200B70BB3 /* Assets.xcassets */; };
		F575F7AE1D03BE9200B70BB3 /* LaunchScreen.storyboard in Resources */ = {isa = PBXBuildFile; fileRef = F575F7AC1D03BE9200B70BB3 /* LaunchScreen.storyboard */; };
		F575F7B91D03BE9200B70BB3 /* SimpleMerchTests.m in Sources */ = {isa = PBXBuildFile; fileRef = F575F7B81D03BE9200B70BB3 /* SimpleMerchTests.m */; };
		F575F7CB1D03C05400B70BB3 /* FirstViewController.m in Sources */ = {isa = PBXBuildFile; fileRef = F575F7C81D03C05400B70BB3 /* FirstViewController.m */; };
		F575F7CC1D03C05400B70BB3 /* SecondViewController.m in Sources */ = {isa = PBXBuildFile; fileRef = F575F7CA1D03C05400B70BB3 /* SecondViewController.m */; };
		F575F7D01D03C0E900B70BB3 /* SMCategory.m in Sources */ = {isa = PBXBuildFile; fileRef = F575F7CF1D03C0E900B70BB3 /* SMCategory.m */; };
/* End PBXBuildFile section */

/* Begin PBXContainerItemProxy section */
		F575F7B51D03BE9200B70BB3 /* PBXContainerItemProxy */ = {
			isa = PBXContainerItemProxy;
			containerPortal = F575F7901D03BE9200B70BB3 /* Project object */;
			proxyType = 1;
			remoteGlobalIDString = F575F7971D03BE9200B70BB3;
			remoteInfo = SimpleMerch;
		};
/* End PBXContainerItemProxy section */

/* Begin PBXFileReference section */
		F541C0E31D03C8FD005DA64F /* SMAmount.h */ = {isa = PBXFileReference; fileEncoding = 4; lastKnownFileType = sourcecode.c.h; path = SMAmount.h; sourceTree = "<group>"; };
		F541C0E41D03C8FD005DA64F /* SMAmount.m */ = {isa = PBXFileReference; fileEncoding = 4; lastKnownFileType = sourcecode.c.objc; path = SMAmount.m; sourceTree = "<group>"; };
		F575F7981D03BE9200B70BB3 /* SimpleMerch.app */ = {isa = PBXFileReference; explicitFileType = wrapper.application; includeInIndex = 0; path = SimpleMerch.app; sourceTree = BUILT_PRODUCTS_DIR; };
		F575F79C1D03BE9200B70BB3 /* main.m */ = {isa = PBXFileReference; lastKnownFileType = sourcecode.c.objc; path = main.m; sourceTree = "<group>"; };
		F575F79E1D03BE9200B70BB3 /* AppDelegate.h */ = {isa = PBXFileReference; lastKnownFileType = sourcecode.c.h; path = AppDelegate.h; sourceTree = "<group>"; };
		F575F79F1D03BE9200B70BB3 /* AppDelegate.m */ = {isa = PBXFileReference; lastKnownFileType = sourcecode.c.objc; path = AppDelegate.m; sourceTree = "<group>"; };
		F575F7A81D03BE9200B70BB3 /* Base */ = {isa = PBXFileReference; lastKnownFileType = file.storyboard; name = Base; path = Base.lproj/Main.storyboard; sourceTree = "<group>"; };
		F575F7AA1D03BE9200B70BB3 /* Assets.xcassets */ = {isa = PBXFileReference; lastKnownFileType = folder.assetcatalog; path = Assets.xcassets; sourceTree = "<group>"; };
		F575F7AD1D03BE9200B70BB3 /* Base */ = {isa = PBXFileReference; lastKnownFileType = file.storyboard; name = Base; path = Base.lproj/LaunchScreen.storyboard; sourceTree = "<group>"; };
		F575F7AF1D03BE9200B70BB3 /* Info.plist */ = {isa = PBXFileReference; lastKnownFileType = text.plist.xml; path = Info.plist; sourceTree = "<group>"; };
		F575F7B41D03BE9200B70BB3 /* SimpleMerchTests.xctest */ = {isa = PBXFileReference; explicitFileType = wrapper.cfbundle; includeInIndex = 0; path = SimpleMerchTests.xctest; sourceTree = BUILT_PRODUCTS_DIR; };
		F575F7B81D03BE9200B70BB3 /* SimpleMerchTests.m */ = {isa = PBXFileReference; lastKnownFileType = sourcecode.c.objc; path = SimpleMerchTests.m; sourceTree = "<group>"; };
		F575F7BA1D03BE9200B70BB3 /* Info.plist */ = {isa = PBXFileReference; lastKnownFileType = text.plist.xml; path = Info.plist; sourceTree = "<group>"; };
		F575F7C71D03C05400B70BB3 /* FirstViewController.h */ = {isa = PBXFileReference; fileEncoding = 4; lastKnownFileType = sourcecode.c.h; path = FirstViewController.h; sourceTree = "<group>"; };
		F575F7C81D03C05400B70BB3 /* FirstViewController.m */ = {isa = PBXFileReference; fileEncoding = 4; lastKnownFileType = sourcecode.c.objc; path = FirstViewController.m; sourceTree = "<group>"; };
		F575F7C91D03C05400B70BB3 /* SecondViewController.h */ = {isa = PBXFileReference; fileEncoding = 4; lastKnownFileType = sourcecode.c.h; path = SecondViewController.h; sourceTree = "<group>"; };
		F575F7CA1D03C05400B70BB3 /* SecondViewController.m */ = {isa = PBXFileReference; fileEncoding = 4; lastKnownFileType = sourcecode.c.objc; path = SecondViewController.m; sourceTree = "<group>"; };
		F575F7CE1D03C0E900B70BB3 /* SMCategory.h */ = {isa = PBXFileReference; fileEncoding = 4; lastKnownFileType = sourcecode.c.h; path = SMCategory.h; sourceTree = "<group>"; };
		F575F7CF1D03C0E900B70BB3 /* SMCategory.m */ = {isa = PBXFileReference; fileEncoding = 4; lastKnownFileType = sourcecode.c.objc; path = SMCategory.m; sourceTree = "<group>"; };
/* End PBXFileReference section */

/* Begin PBXFrameworksBuildPhase section */
		F575F7951D03BE9200B70BB3 /* Frameworks */ = {
			isa = PBXFrameworksBuildPhase;
			buildActionMask = 2147483647;
			files = (
			);
			runOnlyForDeploymentPostprocessing = 0;
		};
		F575F7B11D03BE9200B70BB3 /* Frameworks */ = {
			isa = PBXFrameworksBuildPhase;
			buildActionMask = 2147483647;
			files = (
			);
			runOnlyForDeploymentPostprocessing = 0;
		};
/* End PBXFrameworksBuildPhase section */

/* Begin PBXGroup section */
		F541C0E11D03C73F005DA64F /* Protocols */ = {
			isa = PBXGroup;
			children = (
			);
			path = Protocols;
			sourceTree = "<group>";
		};
		F575F78F1D03BE9200B70BB3 = {
			isa = PBXGroup;
			children = (
				F575F79A1D03BE9200B70BB3 /* SimpleMerch */,
				F575F7B71D03BE9200B70BB3 /* SimpleMerchTests */,
				F575F7991D03BE9200B70BB3 /* Products */,
			);
			sourceTree = "<group>";
		};
		F575F7991D03BE9200B70BB3 /* Products */ = {
			isa = PBXGroup;
			children = (
				F575F7981D03BE9200B70BB3 /* SimpleMerch.app */,
				F575F7B41D03BE9200B70BB3 /* SimpleMerchTests.xctest */,
			);
			name = Products;
			sourceTree = "<group>";
		};
		F575F79A1D03BE9200B70BB3 /* SimpleMerch */ = {
			isa = PBXGroup;
			children = (
				F575F79E1D03BE9200B70BB3 /* AppDelegate.h */,
				F575F79F1D03BE9200B70BB3 /* AppDelegate.m */,
				F541C0E11D03C73F005DA64F /* Protocols */,
				F575F7CD1D03C0AB00B70BB3 /* Models */,
				F575F7A71D03BE9200B70BB3 /* Main.storyboard */,
				F575F7C61D03C05400B70BB3 /* ViewControllers */,
				F575F7AA1D03BE9200B70BB3 /* Assets.xcassets */,
				F575F7AC1D03BE9200B70BB3 /* LaunchScreen.storyboard */,
				F575F7AF1D03BE9200B70BB3 /* Info.plist */,
				F575F79B1D03BE9200B70BB3 /* Supporting Files */,
			);
			path = SimpleMerch;
			sourceTree = "<group>";
		};
		F575F79B1D03BE9200B70BB3 /* Supporting Files */ = {
			isa = PBXGroup;
			children = (
				F575F79C1D03BE9200B70BB3 /* main.m */,
			);
			name = "Supporting Files";
			sourceTree = "<group>";
		};
		F575F7B71D03BE9200B70BB3 /* SimpleMerchTests */ = {
			isa = PBXGroup;
			children = (
				F575F7B81D03BE9200B70BB3 /* SimpleMerchTests.m */,
				F575F7BA1D03BE9200B70BB3 /* Info.plist */,
			);
			path = SimpleMerchTests;
			sourceTree = "<group>";
		};
		F575F7C61D03C05400B70BB3 /* ViewControllers */ = {
			isa = PBXGroup;
			children = (
				F575F7C71D03C05400B70BB3 /* FirstViewController.h */,
				F575F7C81D03C05400B70BB3 /* FirstViewController.m */,
				F575F7C91D03C05400B70BB3 /* SecondViewController.h */,
				F575F7CA1D03C05400B70BB3 /* SecondViewController.m */,
			);
			path = ViewControllers;
			sourceTree = "<group>";
		};
		F575F7CD1D03C0AB00B70BB3 /* Models */ = {
			isa = PBXGroup;
			children = (
				F575F7CE1D03C0E900B70BB3 /* SMCategory.h */,
				F575F7CF1D03C0E900B70BB3 /* SMCategory.m */,
				F541C0E31D03C8FD005DA64F /* SMAmount.h */,
				F541C0E41D03C8FD005DA64F /* SMAmount.m */,
			);
			path = Models;
			sourceTree = "<group>";
		};
/* End PBXGroup section */

/* Begin PBXNativeTarget section */
		F575F7971D03BE9200B70BB3 /* SimpleMerch */ = {
			isa = PBXNativeTarget;
			buildConfigurationList = F575F7BD1D03BE9200B70BB3 /* Build configuration list for PBXNativeTarget "SimpleMerch" */;
			buildPhases = (
				F575F7941D03BE9200B70BB3 /* Sources */,
				F575F7951D03BE9200B70BB3 /* Frameworks */,
				F575F7961D03BE9200B70BB3 /* Resources */,
			);
			buildRules = (
			);
			dependencies = (
			);
			name = SimpleMerch;
			productName = SimpleMerch;
			productReference = F575F7981D03BE9200B70BB3 /* SimpleMerch.app */;
			productType = "com.apple.product-type.application";
		};
		F575F7B31D03BE9200B70BB3 /* SimpleMerchTests */ = {
			isa = PBXNativeTarget;
			buildConfigurationList = F575F7C01D03BE9200B70BB3 /* Build configuration list for PBXNativeTarget "SimpleMerchTests" */;
			buildPhases = (
				F575F7B01D03BE9200B70BB3 /* Sources */,
				F575F7B11D03BE9200B70BB3 /* Frameworks */,
				F575F7B21D03BE9200B70BB3 /* Resources */,
			);
			buildRules = (
			);
			dependencies = (
				F575F7B61D03BE9200B70BB3 /* PBXTargetDependency */,
			);
			name = SimpleMerchTests;
			productName = SimpleMerchTests;
			productReference = F575F7B41D03BE9200B70BB3 /* SimpleMerchTests.xctest */;
			productType = "com.apple.product-type.bundle.unit-test";
		};
/* End PBXNativeTarget section */

/* Begin PBXProject section */
		F575F7901D03BE9200B70BB3 /* Project object */ = {
			isa = PBXProject;
			attributes = {
				LastUpgradeCheck = 0730;
				ORGANIZATIONNAME = "Seiler Hagan";
				TargetAttributes = {
					F575F7971D03BE9200B70BB3 = {
						CreatedOnToolsVersion = 7.3.1;
					};
					F575F7B31D03BE9200B70BB3 = {
						CreatedOnToolsVersion = 7.3.1;
						TestTargetID = F575F7971D03BE9200B70BB3;
					};
				};
			};
			buildConfigurationList = F575F7931D03BE9200B70BB3 /* Build configuration list for PBXProject "SimpleMerch" */;
			compatibilityVersion = "Xcode 3.2";
			developmentRegion = English;
			hasScannedForEncodings = 0;
			knownRegions = (
				en,
				Base,
			);
			mainGroup = F575F78F1D03BE9200B70BB3;
			productRefGroup = F575F7991D03BE9200B70BB3 /* Products */;
			projectDirPath = "";
			projectRoot = "";
			targets = (
				F575F7971D03BE9200B70BB3 /* SimpleMerch */,
				F575F7B31D03BE9200B70BB3 /* SimpleMerchTests */,
			);
		};
/* End PBXProject section */

/* Begin PBXResourcesBuildPhase section */
		F575F7961D03BE9200B70BB3 /* Resources */ = {
			isa = PBXResourcesBuildPhase;
			buildActionMask = 2147483647;
			files = (
				F575F7AE1D03BE9200B70BB3 /* LaunchScreen.storyboard in Resources */,
				F575F7AB1D03BE9200B70BB3 /* Assets.xcassets in Resources */,
				F575F7A91D03BE9200B70BB3 /* Main.storyboard in Resources */,
			);
			runOnlyForDeploymentPostprocessing = 0;
		};
		F575F7B21D03BE9200B70BB3 /* Resources */ = {
			isa = PBXResourcesBuildPhase;
			buildActionMask = 2147483647;
			files = (
			);
			runOnlyForDeploymentPostprocessing = 0;
		};
/* End PBXResourcesBuildPhase section */

/* Begin PBXSourcesBuildPhase section */
		F575F7941D03BE9200B70BB3 /* Sources */ = {
			isa = PBXSourcesBuildPhase;
			buildActionMask = 2147483647;
			files = (
				F575F7CC1D03C05400B70BB3 /* SecondViewController.m in Sources */,
				F541C0E51D03C8FD005DA64F /* SMAmount.m in Sources */,
				F575F7A01D03BE9200B70BB3 /* AppDelegate.m in Sources */,
				F575F7CB1D03C05400B70BB3 /* FirstViewController.m in Sources */,
				F575F79D1D03BE9200B70BB3 /* main.m in Sources */,
				F575F7D01D03C0E900B70BB3 /* SMCategory.m in Sources */,
			);
			runOnlyForDeploymentPostprocessing = 0;
		};
		F575F7B01D03BE9200B70BB3 /* Sources */ = {
			isa = PBXSourcesBuildPhase;
			buildActionMask = 2147483647;
			files = (
				F575F7B91D03BE9200B70BB3 /* SimpleMerchTests.m in Sources */,
			);
			runOnlyForDeploymentPostprocessing = 0;
		};
/* End PBXSourcesBuildPhase section */

/* Begin PBXTargetDependency section */
		F575F7B61D03BE9200B70BB3 /* PBXTargetDependency */ = {
			isa = PBXTargetDependency;
			target = F575F7971D03BE9200B70BB3 /* SimpleMerch */;
			targetProxy = F575F7B51D03BE9200B70BB3 /* PBXContainerItemProxy */;
		};
/* End PBXTargetDependency section */

/* Begin PBXVariantGroup section */
		F575F7A71D03BE9200B70BB3 /* Main.storyboard */ = {
			isa = PBXVariantGroup;
			children = (
				F575F7A81D03BE9200B70BB3 /* Base */,
			);
			name = Main.storyboard;
			sourceTree = "<group>";
		};
		F575F7AC1D03BE9200B70BB3 /* LaunchScreen.storyboard */ = {
			isa = PBXVariantGroup;
			children = (
				F575F7AD1D03BE9200B70BB3 /* Base */,
			);
			name = LaunchScreen.storyboard;
			sourceTree = "<group>";
		};
/* End PBXVariantGroup section */

/* Begin XCBuildConfiguration section */
		F575F7BB1D03BE9200B70BB3 /* Debug */ = {
			isa = XCBuildConfiguration;
			buildSettings = {
				ALWAYS_SEARCH_USER_PATHS = NO;
				CLANG_ANALYZER_NONNULL = YES;
				CLANG_CXX_LANGUAGE_STANDARD = "gnu++0x";
				CLANG_CXX_LIBRARY = "libc++";
				CLANG_ENABLE_MODULES = YES;
				CLANG_ENABLE_OBJC_ARC = YES;
				CLANG_WARN_BOOL_CONVERSION = YES;
				CLANG_WARN_CONSTANT_CONVERSION = YES;
				CLANG_WARN_DIRECT_OBJC_ISA_USAGE = YES_ERROR;
				CLANG_WARN_EMPTY_BODY = YES;
				CLANG_WARN_ENUM_CONVERSION = YES;
				CLANG_WARN_INT_CONVERSION = YES;
				CLANG_WARN_OBJC_ROOT_CLASS = YES_ERROR;
				CLANG_WARN_UNREACHABLE_CODE = YES;
				CLANG_WARN__DUPLICATE_METHOD_MATCH = YES;
				"CODE_SIGN_IDENTITY[sdk=iphoneos*]" = "iPhone Developer";
				COPY_PHASE_STRIP = NO;
				DEBUG_INFORMATION_FORMAT = dwarf;
				ENABLE_STRICT_OBJC_MSGSEND = YES;
				ENABLE_TESTABILITY = YES;
				GCC_C_LANGUAGE_STANDARD = gnu99;
				GCC_DYNAMIC_NO_PIC = NO;
				GCC_NO_COMMON_BLOCKS = YES;
				GCC_OPTIMIZATION_LEVEL = 0;
				GCC_PREPROCESSOR_DEFINITIONS = (
					"DEBUG=1",
					"$(inherited)",
				);
				GCC_WARN_64_TO_32_BIT_CONVERSION = YES;
				GCC_WARN_ABOUT_RETURN_TYPE = YES_ERROR;
				GCC_WARN_UNDECLARED_SELECTOR = YES;
				GCC_WARN_UNINITIALIZED_AUTOS = YES_AGGRESSIVE;
				GCC_WARN_UNUSED_FUNCTION = YES;
				GCC_WARN_UNUSED_VARIABLE = YES;
				IPHONEOS_DEPLOYMENT_TARGET = 9.3;
				MTL_ENABLE_DEBUG_INFO = YES;
				ONLY_ACTIVE_ARCH = YES;
				SDKROOT = iphoneos;
				TARGETED_DEVICE_FAMILY = "1,2";
			};
			name = Debug;
		};
		F575F7BC1D03BE9200B70BB3 /* Release */ = {
			isa = XCBuildConfiguration;
			buildSettings = {
				ALWAYS_SEARCH_USER_PATHS = NO;
				CLANG_ANALYZER_NONNULL = YES;
				CLANG_CXX_LANGUAGE_STANDARD = "gnu++0x";
				CLANG_CXX_LIBRARY = "libc++";
				CLANG_ENABLE_MODULES = YES;
				CLANG_ENABLE_OBJC_ARC = YES;
				CLANG_WARN_BOOL_CONVERSION = YES;
				CLANG_WARN_CONSTANT_CONVERSION = YES;
				CLANG_WARN_DIRECT_OBJC_ISA_USAGE = YES_ERROR;
				CLANG_WARN_EMPTY_BODY = YES;
				CLANG_WARN_ENUM_CONVERSION = YES;
				CLANG_WARN_INT_CONVERSION = YES;
				CLANG_WARN_OBJC_ROOT_CLASS = YES_ERROR;
				CLANG_WARN_UNREACHABLE_CODE = YES;
				CLANG_WARN__DUPLICATE_METHOD_MATCH = YES;
				"CODE_SIGN_IDENTITY[sdk=iphoneos*]" = "iPhone Developer";
				COPY_PHASE_STRIP = NO;
				DEBUG_INFORMATION_FORMAT = "dwarf-with-dsym";
				ENABLE_NS_ASSERTIONS = NO;
				ENABLE_STRICT_OBJC_MSGSEND = YES;
				GCC_C_LANGUAGE_STANDARD = gnu99;
				GCC_NO_COMMON_BLOCKS = YES;
				GCC_WARN_64_TO_32_BIT_CONVERSION = YES;
				GCC_WARN_ABOUT_RETURN_TYPE = YES_ERROR;
				GCC_WARN_UNDECLARED_SELECTOR = YES;
				GCC_WARN_UNINITIALIZED_AUTOS = YES_AGGRESSIVE;
				GCC_WARN_UNUSED_FUNCTION = YES;
				GCC_WARN_UNUSED_VARIABLE = YES;
				IPHONEOS_DEPLOYMENT_TARGET = 9.3;
				MTL_ENABLE_DEBUG_INFO = NO;
				SDKROOT = iphoneos;
				TARGETED_DEVICE_FAMILY = "1,2";
				VALIDATE_PRODUCT = YES;
			};
			name = Release;
		};
		F575F7BE1D03BE9200B70BB3 /* Debug */ = {
			isa = XCBuildConfiguration;
			buildSettings = {
				ASSETCATALOG_COMPILER_APPICON_NAME = AppIcon;
				GCC_PRECOMPILE_PREFIX_HEADER = YES;
				INFOPLIST_FILE = SimpleMerch/Info.plist;
				LD_RUNPATH_SEARCH_PATHS = "$(inherited) @executable_path/Frameworks";
				PRODUCT_BUNDLE_IDENTIFIER = com.seionicllc.SimpleMerch;
				PRODUCT_NAME = "$(TARGET_NAME)";
			};
			name = Debug;
		};
		F575F7BF1D03BE9200B70BB3 /* Release */ = {
			isa = XCBuildConfiguration;
			buildSettings = {
				ASSETCATALOG_COMPILER_APPICON_NAME = AppIcon;
				GCC_PRECOMPILE_PREFIX_HEADER = YES;
				INFOPLIST_FILE = SimpleMerch/Info.plist;
				LD_RUNPATH_SEARCH_PATHS = "$(inherited) @executable_path/Frameworks";
				PRODUCT_BUNDLE_IDENTIFIER = com.seionicllc.SimpleMerch;
				PRODUCT_NAME = "$(TARGET_NAME)";
			};
			name = Release;
		};
		F575F7C11D03BE9200B70BB3 /* Debug */ = {
			isa = XCBuildConfiguration;
			buildSettings = {
				BUNDLE_LOADER = "$(TEST_HOST)";
				INFOPLIST_FILE = SimpleMerchTests/Info.plist;
				LD_RUNPATH_SEARCH_PATHS = "$(inherited) @executable_path/Frameworks @loader_path/Frameworks";
				PRODUCT_BUNDLE_IDENTIFIER = com.seionicllc.SimpleMerchTests;
				PRODUCT_NAME = "$(TARGET_NAME)";
				TEST_HOST = "$(BUILT_PRODUCTS_DIR)/SimpleMerch.app/SimpleMerch";
			};
			name = Debug;
		};
		F575F7C21D03BE9200B70BB3 /* Release */ = {
			isa = XCBuildConfiguration;
			buildSettings = {
				BUNDLE_LOADER = "$(TEST_HOST)";
				INFOPLIST_FILE = SimpleMerchTests/Info.plist;
				LD_RUNPATH_SEARCH_PATHS = "$(inherited) @executable_path/Frameworks @loader_path/Frameworks";
				PRODUCT_BUNDLE_IDENTIFIER = com.seionicllc.SimpleMerchTests;
				PRODUCT_NAME = "$(TARGET_NAME)";
				TEST_HOST = "$(BUILT_PRODUCTS_DIR)/SimpleMerch.app/SimpleMerch";
			};
			name = Release;
		};
/* End XCBuildConfiguration section */

/* Begin XCConfigurationList section */
		F575F7931D03BE9200B70BB3 /* Build configuration list for PBXProject "SimpleMerch" */ = {
			isa = XCConfigurationList;
			buildConfigurations = (
				F575F7BB1D03BE9200B70BB3 /* Debug */,
				F575F7BC1D03BE9200B70BB3 /* Release */,
			);
			defaultConfigurationIsVisible = 0;
			defaultConfigurationName = Release;
		};
		F575F7BD1D03BE9200B70BB3 /* Build configuration list for PBXNativeTarget "SimpleMerch" */ = {
			isa = XCConfigurationList;
			buildConfigurations = (
				F575F7BE1D03BE9200B70BB3 /* Debug */,
				F575F7BF1D03BE9200B70BB3 /* Release */,
			);
			defaultConfigurationIsVisible = 0;
			defaultConfigurationName = Release;
		};
		F575F7C01D03BE9200B70BB3 /* Build configuration list for PBXNativeTarget "SimpleMerchTests" */ = {
			isa = XCConfigurationList;
			buildConfigurations = (
				F575F7C11D03BE9200B70BB3 /* Debug */,
				F575F7C21D03BE9200B70BB3 /* Release */,
			);
			defaultConfigurationIsVisible = 0;
			defaultConfigurationName = Release;
		};
/* End XCConfigurationList section */
	};
	rootObject = F575F7901D03BE9200B70BB3 /* Project object */;
}
